Microsoft Visual Studio Solution File, Format Version 12.00
# Visual Studio 15
VisualStudioVersion = 15.0.26730.8
MinimumVisualStudioVersion = 15.0.26124.0
Project("{9A19103F-16F7-4668-BE54-9A1E7A4F7556}") = "AnaliseAcoes.Scrapper", "AnaliseAcoes.Scrapper\AnaliseAcoes.Scrapper.csproj", "{2C6FC0C6-7CB3-4A94-8DDA-FC27B5CD3F62}"
EndProject
Project("{9A19103F-16F7-4668-BE54-9A1E7A4F7556}") = "AnaliseAcoes.Persistence", "AnaliseAcoes.Persistence\AnaliseAcoes.Persistence.csproj", "{EEC46353-D2E4-4091-BF11-3E6B2E7449A8}"
EndProject
Project("{9A19103F-16F7-4668-BE54-9A1E7A4F7556}") = "AnaliseAcoes.Domain", "AnaliseAcoes.Domain\AnaliseAcoes.Domain.csproj", "{00A06135-D7EE-4542-AF88-47DDD41D8F4C}"
EndProject
Global
	GlobalSection(SolutionConfigurationPlatforms) = preSolution
		Debug|Any CPU = Debug|Any CPU
		Debug|x64 = Debug|x64
		Debug|x86 = Debug|x86
		Release|Any CPU = Release|Any CPU
		Release|x64 = Release|x64
		Release|x86 = Release|x86
	EndGlobalSection
	GlobalSection(ProjectConfigurationPlatforms) = postSolution
		{2C6FC0C6-7CB3-4A94-8DDA-FC27B5CD3F62}.Debug|Any CPU.ActiveCfg = Debug|Any CPU
		{2C6FC0C6-7CB3-4A94-8DDA-FC27B5CD3F62}.Debug|Any CPU.Build.0 = Debug|Any CPU
		{2C6FC0C6-7CB3-4A94-8DDA-FC27B5CD3F62}.Debug|x64.ActiveCfg = Debug|Any CPU
		{2C6FC0C6-7CB3-4A94-8DDA-FC27B5CD3F62}.Debug|x64.Build.0 = Debug|Any CPU
		{2C6FC0C6-7CB3-4A94-8DDA-FC27B5CD3F62}.Debug|x86.ActiveCfg = Debug|Any CPU
		{2C6FC0C6-7CB3-4A94-8DDA-FC27B5CD3F62}.Debug|x86.Build.0 = Debug|Any CPU
		{2C6FC0C6-7CB3-4A94-8DDA-FC27B5CD3F62}.Release|Any CPU.ActiveCfg = Release|Any CPU
		{2C6FC0C6-7CB3-4A94-8DDA-FC27B5CD3F62}.Release|Any CPU.Build.0 = Release|Any CPU
		{2C6FC0C6-7CB3-4A94-8DDA-FC27B5CD3F62}.Release|x64.ActiveCfg = Release|Any CPU
		{2C6FC0C6-7CB3-4A94-8DDA-FC27B5CD3F62}.Release|x64.Build.0 = Release|Any CPU
		{2C6FC0C6-7CB3-4A94-8DDA-FC27B5CD3F62}.Release|x86.ActiveCfg = Release|Any CPU
		{2C6FC0C6-7CB3-4A94-8DDA-FC27B5CD3F62}.Release|x86.Build.0 = Release|Any CPU
		{EEC46353-D2E4-4091-BF11-3E6B2E7449A8}.Debug|Any CPU.ActiveCfg = Debug|Any CPU
		{EEC46353-D2E4-4091-BF11-3E6B2E7449A8}.Debug|Any CPU.Build.0 = Debug|Any CPU
		{EEC46353-D2E4-4091-BF11-3E6B2E7449A8}.Debug|x64.ActiveCfg = Debug|Any CPU
		{EEC46353-D2E4-4091-BF11-3E6B2E7449A8}.Debug|x64.Build.0 = Debug|Any CPU
		{EEC46353-D2E4-4091-BF11-3E6B2E7449A8}.Debug|x86.ActiveCfg = Debug|Any CPU
		{EEC46353-D2E4-4091-BF11-3E6B2E7449A8}.Debug|x86.Build.0 = Debug|Any CPU
		{EEC46353-D2E4-4091-BF11-3E6B2E7449A8}.Release|Any CPU.ActiveCfg = Release|Any CPU
		{EEC46353-D2E4-4091-BF11-3E6B2E7449A8}.Release|Any CPU.Build.0 = Release|Any CPU
		{EEC46353-D2E4-4091-BF11-3E6B2E7449A8}.Release|x64.ActiveCfg = Release|Any CPU
		{EEC46353-D2E4-4091-BF11-3E6B2E7449A8}.Release|x64.Build.0 = Release|Any CPU
		{EEC46353-D2E4-4091-BF11-3E6B2E7449A8}.Release|x86.ActiveCfg = Release|Any CPU
		{EEC46353-D2E4-4091-BF11-3E6B2E7449A8}.Release|x86.Build.0 = Release|Any CPU
		{00A06135-D7EE-4542-AF88-47DDD41D8F4C}.Debug|Any CPU.ActiveCfg = Debug|Any CPU
		{00A06135-D7EE-4542-AF88-47DDD41D8F4C}.Debug|Any CPU.Build.0 = Debug|Any CPU
		{00A06135-D7EE-4542-AF88-47DDD41D8F4C}.Debug|x64.ActiveCfg = Debug|Any CPU
		{00A06135-D7EE-4542-AF88-47DDD41D8F4C}.Debug|x64.Build.0 = Debug|Any CPU
		{00A06135-D7EE-4542-AF88-47DDD41D8F4C}.Debug|x86.ActiveCfg = Debug|Any CPU
		{00A06135-D7EE-4542-AF88-47DDD41D8F4C}.Debug|x86.Build.0 = Debug|Any CPU
		{00A06135-D7EE-4542-AF88-47DDD41D8F4C}.Release|Any CPU.ActiveCfg = Release|Any CPU
		{00A06135-D7EE-4542-AF88-47DDD41D8F4C}.Release|Any CPU.Build.0 = Release|Any CPU
		{00A06135-D7EE-4542-AF88-47DDD41D8F4C}.Release|x64.ActiveCfg = Release|Any CPU
		{00A06135-D7EE-4542-AF88-47DDD41D8F4C}.Release|x64.Build.0 = Release|Any CPU
		{00A06135-D7EE-4542-AF88-47DDD41D8F4C}.Release|x86.ActiveCfg = Release|Any CPU
		{00A06135-D7EE-4542-AF88-47DDD41D8F4C}.Release|x86.Build.0 = Release|Any CPU
	EndGlobalSection
	GlobalSection(SolutionProperties) = preSolution
		HideSolutionNode = FALSE
	EndGlobalSection
	GlobalSection(ExtensibilityGlobals) = postSolution
		SolutionGuid = {2BAE9313-4667-4039-BF04-FDEC8522132A}
	EndGlobalSection
EndGlobal
